{
  "name": "fte.js",
  "version": "0.6.0",
  "lockfileVersion": 1,
  "requires": true,
  "dependencies": {
    "@types/escodegen": {
      "version": "0.0.6",
      "resolved": "https://registry.npmjs.org/@types/escodegen/-/escodegen-0.0.6.tgz",
      "integrity": "sha1-UjCpznluBCzabwhtvxnyLqMwZZw=",
      "dev": true
    },
    "@types/esprima": {
      "version": "2.1.33",
      "resolved": "https://registry.npmjs.org/@types/esprima/-/esprima-2.1.33.tgz",
      "integrity": "sha1-wTIxPw0Zcz5d2yBUtoU96v569j0=",
      "dev": true,
      "requires": {
        "@types/estree": "*"
      }
    },
    "@types/estree": {
      "version": "0.0.34",
      "resolved": "https://registry.npmjs.org/@types/estree/-/estree-0.0.34.tgz",
      "integrity": "sha1-qnr2mjqRkiFx7kEbPJ2Pa+tK8yE=",
      "dev": true
    },
    "@types/fs-extra": {
      "version": "0.0.33",
      "resolved": "https://registry.npmjs.org/@types/fs-extra/-/fs-extra-0.0.33.tgz",
      "integrity": "sha1-qHGcQXsIDAEtNJeyjiKKwJdF/fI=",
      "dev": true,
      "requires": {
        "@types/node": "*"
      }
    },
    "@types/glob": {
      "version": "5.0.30",
      "resolved": "https://registry.npmjs.org/@types/glob/-/glob-5.0.30.tgz",
      "integrity": "sha1-ECZAnFYlqGiQdGAoCNCCsoZ7ilE=",
      "dev": true,
      "requires": {
        "@types/minimatch": "*",
        "@types/node": "*"
      }
    },
    "@types/minimatch": {
      "version": "2.0.29",
      "resolved": "https://registry.npmjs.org/@types/minimatch/-/minimatch-2.0.29.tgz",
      "integrity": "sha1-UALhT3Xi1x5WQoHfBDHIwbSio2o=",
      "dev": true
    },
    "@types/node": {
      "version": "6.0.45",
      "resolved": "https://registry.npmjs.org/@types/node/-/node-6.0.45.tgz",
      "integrity": "sha1-xIQqnWU9dngx5P9JW2AIzA1XmWY=",
      "dev": true
    },
    "amdefine": {
      "version": "1.0.0",
      "resolved": "https://registry.npmjs.org/amdefine/-/amdefine-1.0.0.tgz",
      "integrity": "sha1-/RdHRwDLXMnCtwnwvp0jzjwZjDM=",
      "optional": true
    },
    "balanced-match": {
      "version": "0.4.2",
      "resolved": "https://registry.npmjs.org/balanced-match/-/balanced-match-0.4.2.tgz",
      "integrity": "sha1-yz8+PHMtwPAe5wtAPzAuYddwmDg="
    },
    "brace-expansion": {
      "version": "1.1.6",
      "resolved": "https://registry.npmjs.org/brace-expansion/-/brace-expansion-1.1.6.tgz",
      "integrity": "sha1-cZfX6qm4fmSDkOph/GbIRCdCDfk=",
      "requires": {
        "balanced-match": "^0.4.1",
        "concat-map": "0.0.1"
      }
    },
    "camel-case": {
      "version": "1.2.2",
      "resolved": "https://registry.npmjs.org/camel-case/-/camel-case-1.2.2.tgz",
      "integrity": "sha1-Gsp8TRlTWaLOmVV5NDPG5VQlEfI=",
      "requires": {
        "sentence-case": "^1.1.1",
        "upper-case": "^1.1.1"
      }
    },
    "colors": {
      "version": "1.1.2",
      "resolved": "https://registry.npmjs.org/colors/-/colors-1.1.2.tgz",
      "integrity": "sha1-FopHAXVran9RoSzgyXv6KMCE7WM=",
      "dev": true
    },
    "concat-map": {
      "version": "0.0.1",
      "resolved": "https://registry.npmjs.org/concat-map/-/concat-map-0.0.1.tgz",
      "integrity": "sha1-2Klr13/Wjfd5OnMDajug1UBdR3s="
    },
    "d": {
      "version": "0.1.1",
      "resolved": "https://registry.npmjs.org/d/-/d-0.1.1.tgz",
      "integrity": "sha1-2hhMU10Y2O57oqoim5FACfrhEwk=",
      "requires": {
        "es5-ext": "~0.10.2"
      }
    },
    "deep-is": {
      "version": "0.1.3",
      "resolved": "https://registry.npmjs.org/deep-is/-/deep-is-0.1.3.tgz",
      "integrity": "sha1-s2nW+128E+7PUk+RsHD+7cNXzzQ="
    },
    "diff": {
      "version": "2.2.3",
      "resolved": "https://registry.npmjs.org/diff/-/diff-2.2.3.tgz",
      "integrity": "sha1-YOr9DSjukG5Oj/ClLBIpUhAzv5k=",
      "dev": true
    },
    "es5-ext": {
      "version": "0.10.12",
      "resolved": "https://registry.npmjs.org/es5-ext/-/es5-ext-0.10.12.tgz",
      "integrity": "sha1-qoRkHU23a2Krul5F/YBey6sUAEc=",
      "requires": {
        "es6-iterator": "2",
        "es6-symbol": "~3.1"
      }
    },
    "es6-iterator": {
      "version": "2.0.0",
      "resolved": "https://registry.npmjs.org/es6-iterator/-/es6-iterator-2.0.0.tgz",
      "integrity": "sha1-vZaFZ9YWNeM8C4BydhPJy0sJa6w=",
      "requires": {
        "d": "^0.1.1",
        "es5-ext": "^0.10.7",
        "es6-symbol": "3"
      }
    },
    "es6-map": {
      "version": "0.1.4",
      "resolved": "https://registry.npmjs.org/es6-map/-/es6-map-0.1.4.tgz",
      "integrity": "sha1-o0sUe+IkdzpNfagHJ5TO+jYyuJc=",
      "requires": {
        "d": "~0.1.1",
        "es5-ext": "~0.10.11",
        "es6-iterator": "2",
        "es6-set": "~0.1.3",
        "es6-symbol": "~3.1.0",
        "event-emitter": "~0.3.4"
      }
    },
    "es6-set": {
      "version": "0.1.4",
      "resolved": "https://registry.npmjs.org/es6-set/-/es6-set-0.1.4.tgz",
      "integrity": "sha1-lRa2dhwpZLkv9HlFYjOiR9xwfOg=",
      "requires": {
        "d": "~0.1.1",
        "es5-ext": "~0.10.11",
        "es6-iterator": "2",
        "es6-symbol": "3",
        "event-emitter": "~0.3.4"
      }
    },
    "es6-symbol": {
      "version": "3.1.0",
      "resolved": "https://registry.npmjs.org/es6-symbol/-/es6-symbol-3.1.0.tgz",
      "integrity": "sha1-lEgcZV56fK2C66gy2X1UM0ltf/o=",
      "requires": {
        "d": "~0.1.1",
        "es5-ext": "~0.10.11"
      }
    },
    "es6-weak-map": {
      "version": "2.0.1",
      "resolved": "https://registry.npmjs.org/es6-weak-map/-/es6-weak-map-2.0.1.tgz",
      "integrity": "sha1-DSu9iCfrX7S6j5f7/qUNQ9sh6oE=",
      "requires": {
        "d": "^0.1.1",
        "es5-ext": "^0.10.8",
        "es6-iterator": "2",
        "es6-symbol": "3"
      }
    },
    "escodegen": {
      "version": "1.8.1",
      "resolved": "https://registry.npmjs.org/escodegen/-/escodegen-1.8.1.tgz",
      "integrity": "sha1-WltTr0aTEQvrsIZ6o0MN07cKEBg=",
      "requires": {
        "esprima": "^2.7.1",
        "estraverse": "^1.9.1",
        "esutils": "^2.0.2",
        "optionator": "^0.8.1",
        "source-map": "~0.2.0"
      },
      "dependencies": {
        "esprima": {
          "version": "2.7.3",
          "resolved": "https://registry.npmjs.org/esprima/-/esprima-2.7.3.tgz",
          "integrity": "sha1-luO3DVd59q1JzQMmc9HDEnZ7pYE="
        }
      }
    },
    "esmangle2": {
      "version": "1.0.10",
      "resolved": "https://registry.npmjs.org/esmangle2/-/esmangle2-1.0.10.tgz",
      "integrity": "sha1-53jRiSwml0VRQ4/dmDKFTrJxNeg=",
      "requires": {
        "camel-case": "^1.1.2",
        "escodegen": "~1.8.0",
        "escope": "~3.6.0",
        "esprima": "^2.7.2",
        "esshorten2": "~1.1.20",
        "estraverse": "~4.1.1",
        "esutils": "~2.0.2",
        "isarray": "0.0.1",
        "optionator": "^0.5.0",
        "source-map": "^0.5.3"
      },
      "dependencies": {
        "escope": {
          "version": "3.6.0",
          "resolved": "https://registry.npmjs.org/escope/-/escope-3.6.0.tgz",
          "integrity": "sha1-4Bl16BJ4GhY6ba392AOY3GTIicM=",
          "requires": {
            "es6-map": "^0.1.3",
            "es6-weak-map": "^2.0.1",
            "esrecurse": "^4.1.0",
            "estraverse": "^4.1.1"
          }
        },
        "esprima": {
          "version": "2.7.3",
          "resolved": "https://registry.npmjs.org/esprima/-/esprima-2.7.3.tgz",
          "integrity": "sha1-luO3DVd59q1JzQMmc9HDEnZ7pYE="
        },
        "estraverse": {
          "version": "4.1.1",
          "resolved": "https://registry.npmjs.org/estraverse/-/estraverse-4.1.1.tgz",
          "integrity": "sha1-9srKcokzqFDvkGYdDheYK6RxEaI="
        },
        "fast-levenshtein": {
          "version": "1.0.7",
          "resolved": "https://registry.npmjs.org/fast-levenshtein/-/fast-levenshtein-1.0.7.tgz",
          "integrity": "sha1-AXjc3uAjuSkFGTrwlZ6KdjnP3Lk="
        },
        "levn": {
          "version": "0.2.5",
          "resolved": "https://registry.npmjs.org/levn/-/levn-0.2.5.tgz",
          "integrity": "sha1-uo0znQykphDjo/FFucr0iAcVUFQ=",
          "requires": {
            "prelude-ls": "~1.1.0",
            "type-check": "~0.3.1"
          }
        },
        "optionator": {
          "version": "0.5.0",
          "resolved": "https://registry.npmjs.org/optionator/-/optionator-0.5.0.tgz",
          "integrity": "sha1-t1qJlaLUF98ltuTjhi9QqohlE2g=",
          "requires": {
            "deep-is": "~0.1.2",
            "fast-levenshtein": "~1.0.0",
            "levn": "~0.2.5",
            "prelude-ls": "~1.1.1",
            "type-check": "~0.3.1",
            "wordwrap": "~0.0.2"
          }
        },
        "source-map": {
          "version": "0.5.6",
          "resolved": "https://registry.npmjs.org/source-map/-/source-map-0.5.6.tgz",
          "integrity": "sha1-dc449SvwczxafwwRjYEzSiu19BI="
        }
      }
    },
    "esprima": {
      "version": "3.1.0",
      "resolved": "https://registry.npmjs.org/esprima/-/esprima-3.1.0.tgz",
      "integrity": "sha1-6mrsMGFQNLDoCXqyKX7S1ciH48M="
    },
    "esrecurse": {
      "version": "4.1.0",
      "resolved": "https://registry.npmjs.org/esrecurse/-/esrecurse-4.1.0.tgz",
      "integrity": "sha1-RxO2U2rffyrE8yfVWed1a/9kgiA=",
      "requires": {
        "estraverse": "~4.1.0",
        "object-assign": "^4.0.1"
      },
      "dependencies": {
        "estraverse": {
          "version": "4.1.1",
          "resolved": "https://registry.npmjs.org/estraverse/-/estraverse-4.1.1.tgz",
          "integrity": "sha1-9srKcokzqFDvkGYdDheYK6RxEaI="
        },
        "object-assign": {
          "version": "4.1.0",
          "resolved": "https://registry.npmjs.org/object-assign/-/object-assign-4.1.0.tgz",
          "integrity": "sha1-ejs9DpgGPUP0wD8uiubNUahog6A="
        }
      }
    },
    "esshorten2": {
      "version": "1.1.20",
      "resolved": "https://registry.npmjs.org/esshorten2/-/esshorten2-1.1.20.tgz",
      "integrity": "sha1-j/2kZFpeDztZNuzR/Zu8apo2DpU=",
      "requires": {
        "escope": "~3.6.0",
        "estraverse": "~4.1.1",
        "esutils": "~2.0.2"
      },
      "dependencies": {
        "escope": {
          "version": "3.6.0",
          "resolved": "https://registry.npmjs.org/escope/-/escope-3.6.0.tgz",
          "integrity": "sha1-4Bl16BJ4GhY6ba392AOY3GTIicM=",
          "requires": {
            "es6-map": "^0.1.3",
            "es6-weak-map": "^2.0.1",
            "esrecurse": "^4.1.0",
            "estraverse": "^4.1.1"
          }
        },
        "estraverse": {
          "version": "4.1.1",
          "resolved": "https://registry.npmjs.org/estraverse/-/estraverse-4.1.1.tgz",
          "integrity": "sha1-9srKcokzqFDvkGYdDheYK6RxEaI="
        }
      }
    },
    "estraverse": {
      "version": "1.9.3",
      "resolved": "https://registry.npmjs.org/estraverse/-/estraverse-1.9.3.tgz",
      "integrity": "sha1-r2fy3JIlgkFZUJJgkaQAXSnJu0Q="
    },
    "esutils": {
      "version": "2.0.2",
      "resolved": "https://registry.npmjs.org/esutils/-/esutils-2.0.2.tgz",
      "integrity": "sha1-Cr9PHKpbyx96nYrMbepPqqBLrJs="
    },
    "esvalid": {
      "version": "1.1.0",
      "resolved": "https://registry.npmjs.org/esvalid/-/esvalid-1.1.0.tgz",
      "integrity": "sha1-KITTWtMYZ9wUTDL+bGon+wjP+FU=",
      "requires": {
        "esutils": "^1.1.4",
        "object-assign": "^0.3.1"
      },
      "dependencies": {
        "esutils": {
          "version": "1.1.6",
          "resolved": "https://registry.npmjs.org/esutils/-/esutils-1.1.6.tgz",
          "integrity": "sha1-wBzKqa5LiXxtDD4hCuUvPHqEQ3U="
        }
      }
    },
    "event-emitter": {
      "version": "0.3.4",
      "resolved": "https://registry.npmjs.org/event-emitter/-/event-emitter-0.3.4.tgz",
      "integrity": "sha1-jWPd+0z+H647MsomXExyAiIIC7U=",
      "requires": {
        "d": "~0.1.1",
        "es5-ext": "~0.10.7"
      }
    },
    "fast-levenshtein": {
      "version": "2.0.5",
      "resolved": "https://registry.npmjs.org/fast-levenshtein/-/fast-levenshtein-2.0.5.tgz",
      "integrity": "sha1-vTMUV0RRmrHDbD7p8x8I6QebZ/I="
    },
    "findup-sync": {
      "version": "0.3.0",
      "resolved": "https://registry.npmjs.org/findup-sync/-/findup-sync-0.3.0.tgz",
      "integrity": "sha1-N5MKpdgWt3fANEXhlmzGeQpMCxY=",
      "dev": true,
      "requires": {
        "glob": "~5.0.0"
      },
      "dependencies": {
        "glob": {
          "version": "5.0.15",
          "resolved": "https://registry.npmjs.org/glob/-/glob-5.0.15.tgz",
          "integrity": "sha1-G8k2ueAvSmA/zCIuz3Yz0wuLk7E=",
          "dev": true,
          "requires": {
            "inflight": "^1.0.4",
            "inherits": "2",
            "minimatch": "2 || 3",
            "once": "^1.3.0",
            "path-is-absolute": "^1.0.0"
          }
        }
      }
    },
    "fs-extra": {
      "version": "0.30.0",
      "resolved": "https://registry.npmjs.org/fs-extra/-/fs-extra-0.30.0.tgz",
      "integrity": "sha1-8jP/zAjU2n1DLapEl3aYnbHfk/A=",
      "requires": {
        "graceful-fs": "^4.1.2",
        "jsonfile": "^2.1.0",
        "klaw": "^1.0.0",
        "path-is-absolute": "^1.0.0",
        "rimraf": "^2.2.8"
      }
    },
    "fs.realpath": {
      "version": "1.0.0",
      "resolved": "https://registry.npmjs.org/fs.realpath/-/fs.realpath-1.0.0.tgz",
      "integrity": "sha1-FQStJSMVjKpA20onh8sBQRmU6k8="
    },
    "glob": {
      "version": "7.1.1",
      "resolved": "https://registry.npmjs.org/glob/-/glob-7.1.1.tgz",
      "integrity": "sha1-gFIR3wT6rxxjo2ADBs31reULLsg=",
      "requires": {
        "fs.realpath": "^1.0.0",
        "inflight": "^1.0.4",
        "inherits": "2",
        "minimatch": "^3.0.2",
        "once": "^1.3.0",
        "path-is-absolute": "^1.0.0"
      }
    },
    "graceful-fs": {
      "version": "4.1.9",
      "resolved": "https://registry.npmjs.org/graceful-fs/-/graceful-fs-4.1.9.tgz",
      "integrity": "sha1-uqy6N9GdEfnRRtNXi8mZWMN4fik="
    },
    "inflight": {
      "version": "1.0.6",
      "resolved": "https://registry.npmjs.org/inflight/-/inflight-1.0.6.tgz",
      "integrity": "sha1-Sb1jMdfQLQwJvJEKEHW6gWW1bfk=",
      "requires": {
        "once": "^1.3.0",
        "wrappy": "1"
      }
    },
    "inherits": {
      "version": "2.0.3",
      "resolved": "https://registry.npmjs.org/inherits/-/inherits-2.0.3.tgz",
      "integrity": "sha1-Yzwsg+PaQqUC9SRmAiSA9CCCYd4="
    },
    "isarray": {
      "version": "0.0.1",
      "resolved": "https://registry.npmjs.org/isarray/-/isarray-0.0.1.tgz",
      "integrity": "sha1-ihis/Kmo9Bd+Cav8YDiTmwXR7t8="
    },
    "jsonfile": {
      "version": "2.4.0",
      "resolved": "https://registry.npmjs.org/jsonfile/-/jsonfile-2.4.0.tgz",
      "integrity": "sha1-NzaitCi4e72gzIO1P6PWM6NcKug=",
      "requires": {
        "graceful-fs": "^4.1.6"
      }
    },
    "klaw": {
      "version": "1.3.0",
      "resolved": "https://registry.npmjs.org/klaw/-/klaw-1.3.0.tgz",
      "integrity": "sha1-iFe/vB2CS63xPT0CQdi75G+xL3M="
    },
    "levn": {
      "version": "0.3.0",
      "resolved": "https://registry.npmjs.org/levn/-/levn-0.3.0.tgz",
      "integrity": "sha1-OwmSTt+fCDwEkP3UwLxEIeBHZO4=",
      "requires": {
        "prelude-ls": "~1.1.2",
        "type-check": "~0.3.2"
      }
    },
    "lower-case": {
      "version": "1.1.3",
      "resolved": "https://registry.npmjs.org/lower-case/-/lower-case-1.1.3.tgz",
      "integrity": "sha1-ySOT2XZ5Pu5bpO21g8+OrjW9m/s="
    },
    "minimatch": {
      "version": "3.0.3",
      "resolved": "https://registry.npmjs.org/minimatch/-/minimatch-3.0.3.tgz",
      "integrity": "sha1-Kk5AkLlrLbBqnX3wEFWmKnfJt3Q=",
      "requires": {
        "brace-expansion": "^1.0.0"
      }
    },
    "minimist": {
      "version": "0.0.10",
      "resolved": "https://registry.npmjs.org/minimist/-/minimist-0.0.10.tgz",
      "integrity": "sha1-3j+YVD2/lggr5IrRoMfNqDYwHc8=",
      "dev": true
    },
    "object-assign": {
      "version": "0.3.1",
      "resolved": "https://registry.npmjs.org/object-assign/-/object-assign-0.3.1.tgz",
      "integrity": "sha1-Bg4qKifXwNd+x3t48Rqkf9iACNI="
    },
    "once": {
      "version": "1.4.0",
      "resolved": "https://registry.npmjs.org/once/-/once-1.4.0.tgz",
      "integrity": "sha1-WDsap3WWHUsROsF9nFC6753Xa9E=",
      "requires": {
        "wrappy": "1"
      }
    },
    "optimist": {
      "version": "0.6.1",
      "resolved": "https://registry.npmjs.org/optimist/-/optimist-0.6.1.tgz",
      "integrity": "sha1-2j6nRob6IaGaERwybpDrFaAZZoY=",
      "dev": true,
      "requires": {
        "minimist": "~0.0.1",
        "wordwrap": "~0.0.2"
      }
    },
    "optionator": {
      "version": "0.8.2",
      "resolved": "https://registry.npmjs.org/optionator/-/optionator-0.8.2.tgz",
      "integrity": "sha1-NkxeQJ0/TWMB1sC0wFu6UBgK62Q=",
      "requires": {
        "deep-is": "~0.1.3",
        "fast-levenshtein": "~2.0.4",
        "levn": "~0.3.0",
        "prelude-ls": "~1.1.2",
        "type-check": "~0.3.2",
        "wordwrap": "~1.0.0"
      },
      "dependencies": {
        "wordwrap": {
          "version": "1.0.0",
          "resolved": "https://registry.npmjs.org/wordwrap/-/wordwrap-1.0.0.tgz",
          "integrity": "sha1-J1hIEIkUVqQXHI0CJkQa3pDLyus="
        }
      }
    },
    "path-is-absolute": {
      "version": "1.0.1",
      "resolved": "https://registry.npmjs.org/path-is-absolute/-/path-is-absolute-1.0.1.tgz",
      "integrity": "sha1-F0uSaHNVNP+8es5r9TpanhtcX18="
    },
    "pegjs": {
      "version": "0.10.0",
      "resolved": "https://registry.npmjs.org/pegjs/-/pegjs-0.10.0.tgz",
      "integrity": "sha1-z4uvrm7d/0tafvsYUmnqr0YQ3b0="
    },
    "prelude-ls": {
      "version": "1.1.2",
      "resolved": "https://registry.npmjs.org/prelude-ls/-/prelude-ls-1.1.2.tgz",
      "integrity": "sha1-IZMqVJ9eUv/ZqCf1cOBL5iqX2lQ="
    },
    "resolve": {
      "version": "1.1.7",
      "resolved": "https://registry.npmjs.org/resolve/-/resolve-1.1.7.tgz",
      "integrity": "sha1-IDEU2CrSxe2ejgQRs5ModeiJ6Xs=",
      "dev": true
    },
    "rimraf": {
      "version": "2.5.4",
      "resolved": "https://registry.npmjs.org/rimraf/-/rimraf-2.5.4.tgz",
      "integrity": "sha1-loAAk8vxoMhr2VtGJUZ1NcKd+gQ=",
      "requires": {
        "glob": "^7.0.5"
      }
    },
    "sentence-case": {
      "version": "1.1.3",
      "resolved": "https://registry.npmjs.org/sentence-case/-/sentence-case-1.1.3.tgz",
      "integrity": "sha1-gDSq/CFFdy06vhUJqkLJ4QQtwTk=",
      "requires": {
        "lower-case": "^1.1.1"
      }
    },
    "source-map": {
      "version": "0.2.0",
      "resolved": "https://registry.npmjs.org/source-map/-/source-map-0.2.0.tgz",
      "integrity": "sha1-2rc/vPwrqBm03gO9b26qSBZLP50=",
      "optional": true,
      "requires": {
        "amdefine": ">=0.0.4"
      }
    },
    "sprintf-js": {
      "version": "1.0.3",
      "resolved": "https://registry.npmjs.org/sprintf-js/-/sprintf-js-1.0.3.tgz",
      "integrity": "sha1-BOaSb2YolTVPPdAVIDYzuFcpfiw=",
      "dev": true
    },
    "tslint": {
      "version": "3.15.1",
      "resolved": "https://registry.npmjs.org/tslint/-/tslint-3.15.1.tgz",
      "integrity": "sha1-2hZcqT2P3CwIa1EWXuG6y0jJjqU=",
      "dev": true,
      "requires": {
        "colors": "^1.1.2",
        "diff": "^2.2.1",
        "findup-sync": "~0.3.0",
        "glob": "^7.0.3",
        "optimist": "~0.6.0",
        "resolve": "^1.1.7",
        "underscore.string": "^3.3.4"
      }
    },
    "type-check": {
      "version": "0.3.2",
      "resolved": "https://registry.npmjs.org/type-check/-/type-check-0.3.2.tgz",
      "integrity": "sha1-WITKtRLPHTVeP7eE8wgEsrUg23I=",
      "requires": {
        "prelude-ls": "~1.1.2"
      }
    },
    "underscore.string": {
      "version": "3.3.4",
      "resolved": "https://registry.npmjs.org/underscore.string/-/underscore.string-3.3.4.tgz",
      "integrity": "sha1-LCo/n4PmR2L9xF5s6sZRQoZCE9s=",
      "dev": true,
      "requires": {
        "sprintf-js": "^1.0.3",
        "util-deprecate": "^1.0.2"
      }
    },
    "upper-case": {
      "version": "1.1.3",
      "resolved": "https://registry.npmjs.org/upper-case/-/upper-case-1.1.3.tgz",
      "integrity": "sha1-9rRQHC7EzdJrp4vnIilh3ndiFZg="
    },
    "util-deprecate": {
      "version": "1.0.2",
      "resolved": "https://registry.npmjs.org/util-deprecate/-/util-deprecate-1.0.2.tgz",
      "integrity": "sha1-RQ1Nyfpw3nMnYvvS1KKJgUGaDM8=",
      "dev": true
    },
    "wordwrap": {
      "version": "0.0.3",
      "resolved": "https://registry.npmjs.org/wordwrap/-/wordwrap-0.0.3.tgz",
      "integrity": "sha1-o9XabNXAvAAI03I0u68b7WMFkQc="
    },
    "wrappy": {
      "version": "1.0.2",
      "resolved": "https://registry.npmjs.org/wrappy/-/wrappy-1.0.2.tgz",
      "integrity": "sha1-tSQ9jz7BqjXxNkYFvA0QNuMKtp8="
    }
  }
}
